
Microsoft Visual Studio Solution File, Format Version 12.00
# Visual Studio 15
VisualStudioVersion = 15.0.28307.136
MinimumVisualStudioVersion = 10.0.40219.1
Project("{FAE04EC0-301F-11D3-BF4B-00C04F79EFBC}") = "azure-slots", "azure-slots\azure-slots.csproj", "{53E98A18-970A-4C43-A7C1-1B1898BD6EC2}"
EndProject
Global
	GlobalSection(SolutionConfigurationPlatforms) = preSolution
		Debug|Any CPU = Debug|Any CPU
		Release|Any CPU = Release|Any CPU
	EndGlobalSection
	GlobalSection(ProjectConfigurationPlatforms) = postSolution
		{53E98A18-970A-4C43-A7C1-1B1898BD6EC2}.Debug|Any CPU.ActiveCfg = Debug|Any CPU
		{53E98A18-970A-4C43-A7C1-1B1898BD6EC2}.Debug|Any CPU.Build.0 = Debug|Any CPU
		{53E98A18-970A-4C43-A7C1-1B1898BD6EC2}.Release|Any CPU.ActiveCfg = Release|Any CPU
		{53E98A18-970A-4C43-A7C1-1B1898BD6EC2}.Release|Any CPU.Build.0 = Release|Any CPU
	EndGlobalSection
	GlobalSection(SolutionProperties) = preSolution
		HideSolutionNode = FALSE
	EndGlobalSection
	GlobalSection(ExtensibilityGlobals) = postSolution
		SolutionGuid = {D9ED6A23-9A53-45E5-A6B9-EE5C1C38D413}
	EndGlobalSection
EndGlobal
